# This file is automatically @generated by Cargo.
# It is not intended for manual editing.
version = 4

[[package]]
name = "welt-core"
version = "0.1.0"

[[package]]
name = "welt-export"
version = "0.1.0"

[[package]]
name = "welt-gen"
version = "0.1.0"

[[package]]
name = "welt-render"
version = "0.1.0"
